// !$*UTF8*$!
{
	archiveVersion = 1;
	classes = {
	};
	objectVersion = 46;
	objects = {

/* Begin PBXBuildFile section */
		2E1C58D71B0D23D100A42D88 /* main.m in Sources */ = {isa = PBXBuildFile; fileRef = 2E1C58D61B0D23D100A42D88 /* main.m */; };
		2E1C58DA1B0D23D100A42D88 /* AppDelegate.m in Sources */ = {isa = PBXBuildFile; fileRef = 2E1C58D91B0D23D100A42D88 /* AppDelegate.m */; };
		2E1C58DD1B0D23D100A42D88 /* MomentsViewer.m in Sources */ = {isa = PBXBuildFile; fileRef = 2E1C58DC1B0D23D100A42D88 /* MomentsViewer.m */; };
		2E1C58E21B0D23D100A42D88 /* Images.xcassets in Resources */ = {isa = PBXBuildFile; fileRef = 2E1C58E11B0D23D100A42D88 /* Images.xcassets */; };
		2E1C58E51B0D23D100A42D88 /* LaunchScreen.xib in Resources */ = {isa = PBXBuildFile; fileRef = 2E1C58E31B0D23D100A42D88 /* LaunchScreen.xib */; };
		2E1C58F11B0D23D100A42D88 /* momentRoomsTests.m in Sources */ = {isa = PBXBuildFile; fileRef = 2E1C58F01B0D23D100A42D88 /* momentRoomsTests.m */; };
		2E1C58FC1B0D293100A42D88 /* Bolts.framework in Frameworks */ = {isa = PBXBuildFile; fileRef = 2E1C58FA1B0D293100A42D88 /* Bolts.framework */; };
		2E1C58FD1B0D293100A42D88 /* Parse.framework in Frameworks */ = {isa = PBXBuildFile; fileRef = 2E1C58FB1B0D293100A42D88 /* Parse.framework */; };
		2E1C58FF1B0D295F00A42D88 /* AudioToolbox.framework in Frameworks */ = {isa = PBXBuildFile; fileRef = 2E1C58FE1B0D295F00A42D88 /* AudioToolbox.framework */; };
		2E1C59011B0D296A00A42D88 /* CFNetwork.framework in Frameworks */ = {isa = PBXBuildFile; fileRef = 2E1C59001B0D296A00A42D88 /* CFNetwork.framework */; };
		2E1C59031B0D297700A42D88 /* CoreGraphics.framework in Frameworks */ = {isa = PBXBuildFile; fileRef = 2E1C59021B0D297700A42D88 /* CoreGraphics.framework */; };
		2E1C59051B0D298300A42D88 /* CoreLocation.framework in Frameworks */ = {isa = PBXBuildFile; fileRef = 2E1C59041B0D298300A42D88 /* CoreLocation.framework */; };
		2E1C59071B0D298D00A42D88 /* MobileCoreServices.framework in Frameworks */ = {isa = PBXBuildFile; fileRef = 2E1C59061B0D298D00A42D88 /* MobileCoreServices.framework */; };
		2E1C59091B0D299600A42D88 /* QuartzCore.framework in Frameworks */ = {isa = PBXBuildFile; fileRef = 2E1C59081B0D299600A42D88 /* QuartzCore.framework */; };
		2E1C590B1B0D29A000A42D88 /* Security.framework in Frameworks */ = {isa = PBXBuildFile; fileRef = 2E1C590A1B0D29A000A42D88 /* Security.framework */; };
		2E1C590F1B0D29B600A42D88 /* SystemConfiguration.framework in Frameworks */ = {isa = PBXBuildFile; fileRef = 2E1C590E1B0D29B500A42D88 /* SystemConfiguration.framework */; };
		2E1C59111B0D29C000A42D88 /* libz.dylib in Frameworks */ = {isa = PBXBuildFile; fileRef = 2E1C59101B0D29C000A42D88 /* libz.dylib */; };
		2E1C59131B0D29CC00A42D88 /* libsqlite3.dylib in Frameworks */ = {isa = PBXBuildFile; fileRef = 2E1C59121B0D29CC00A42D88 /* libsqlite3.dylib */; };
		2E1C591D1B0D2A5500A42D88 /* Accounts.framework in Frameworks */ = {isa = PBXBuildFile; fileRef = 2E1C591C1B0D2A5500A42D88 /* Accounts.framework */; };
		2E1C591F1B0D2A5D00A42D88 /* Social.framework in Frameworks */ = {isa = PBXBuildFile; fileRef = 2E1C591E1B0D2A5D00A42D88 /* Social.framework */; };
		2E1C59221B0D584200A42D88 /* MomentsCloud.m in Sources */ = {isa = PBXBuildFile; fileRef = 2E1C59211B0D584200A42D88 /* MomentsCloud.m */; };
		2E1C592B1B15062500A42D88 /* PhotoSelectionViewController.m in Sources */ = {isa = PBXBuildFile; fileRef = 2E1C592A1B15062500A42D88 /* PhotoSelectionViewController.m */; };
		2E1C592E1B1507E500A42D88 /* CameraControl.m in Sources */ = {isa = PBXBuildFile; fileRef = 2E1C592D1B1507E500A42D88 /* CameraControl.m */; };
		2E1C59341B165AC100A42D88 /* FilterSelectionViewController.m in Sources */ = {isa = PBXBuildFile; fileRef = 2E1C59331B165AC100A42D88 /* FilterSelectionViewController.m */; };
		2E1C593A1B165E4600A42D88 /* FXPhotoEditGrid.png in Resources */ = {isa = PBXBuildFile; fileRef = 2E1C59361B165E4600A42D88 /* FXPhotoEditGrid.png */; };
		2E1C593B1B165E4600A42D88 /* FXPhotoEditGrid@2x.png in Resources */ = {isa = PBXBuildFile; fileRef = 2E1C59371B165E4600A42D88 /* FXPhotoEditGrid@2x.png */; };
		2E1C593C1B165E4600A42D88 /* FXPhotoEditView.m in Sources */ = {isa = PBXBuildFile; fileRef = 2E1C59391B165E4600A42D88 /* FXPhotoEditView.m */; };
		2E4E01BB1B1E4AFE0077C970 /* IntroScreenViewController.m in Sources */ = {isa = PBXBuildFile; fileRef = 2E4E01BA1B1E4AFE0077C970 /* IntroScreenViewController.m */; };
		2E4E01BF1B1E65C10077C970 /* MomentTableViewCell.m in Sources */ = {isa = PBXBuildFile; fileRef = 2E4E01BD1B1E65C10077C970 /* MomentTableViewCell.m */; };
		2E4E01C01B1E65C10077C970 /* MomentTableViewCell.xib in Resources */ = {isa = PBXBuildFile; fileRef = 2E4E01BE1B1E65C10077C970 /* MomentTableViewCell.xib */; };
		2E4E01C31B1E674C0077C970 /* MomentViewModel.m in Sources */ = {isa = PBXBuildFile; fileRef = 2E4E01C21B1E674C0077C970 /* MomentViewModel.m */; };
		2E4E01C81B1F6D6C0077C970 /* Fabric.framework in Frameworks */ = {isa = PBXBuildFile; fileRef = 2E4E01C61B1F6D6C0077C970 /* Fabric.framework */; };
		2E4E01C91B1F6D6C0077C970 /* Crashlytics.framework in Frameworks */ = {isa = PBXBuildFile; fileRef = 2E4E01C71B1F6D6C0077C970 /* Crashlytics.framework */; };
		2E4E01CD1B1F6DD70077C970 /* DigitsKit.framework in Frameworks */ = {isa = PBXBuildFile; fileRef = 2E4E01CA1B1F6DD70077C970 /* DigitsKit.framework */; };
		2E4E01CE1B1F6DD70077C970 /* DigitsKitResources.bundle in Resources */ = {isa = PBXBuildFile; fileRef = 2E4E01CB1B1F6DD70077C970 /* DigitsKitResources.bundle */; };
		2E4E01CF1B1F6DD70077C970 /* TwitterCore.framework in Frameworks */ = {isa = PBXBuildFile; fileRef = 2E4E01CC1B1F6DD70077C970 /* TwitterCore.framework */; };
		2E4E01D31B1F7F970077C970 /* LoginViewController.m in Sources */ = {isa = PBXBuildFile; fileRef = 2E4E01D21B1F7F970077C970 /* LoginViewController.m */; };
		2E4E01D61B1F80460077C970 /* UIViewController+UIViewController_PushPop.m in Sources */ = {isa = PBXBuildFile; fileRef = 2E4E01D51B1F80460077C970 /* UIViewController+UIViewController_PushPop.m */; };
		2E4E01D91B1F94B70077C970 /* PFUser+Digits.m in Sources */ = {isa = PBXBuildFile; fileRef = 2E4E01D81B1F94B70077C970 /* PFUser+Digits.m */; };
		2E4E01DC1B1FE3DD0077C970 /* RoomPlate.m in Sources */ = {isa = PBXBuildFile; fileRef = 2E4E01DB1B1FE3DD0077C970 /* RoomPlate.m */; };
		2E4E01DF1B20FFBC0077C970 /* CreateARoomPlate.m in Sources */ = {isa = PBXBuildFile; fileRef = 2E4E01DE1B20FFBC0077C970 /* CreateARoomPlate.m */; };
		2E4E01E11B2105580077C970 /* MessageUI.framework in Frameworks */ = {isa = PBXBuildFile; fileRef = 2E4E01E01B2105580077C970 /* MessageUI.framework */; };
		2E4E01E31B2161550077C970 /* gradient.png in Resources */ = {isa = PBXBuildFile; fileRef = 2E4E01E21B2161550077C970 /* gradient.png */; };
		2E4E02001B2164C30077C970 /* ANImageBitmapRep.m in Sources */ = {isa = PBXBuildFile; fileRef = 2E4E01E61B2164C30077C970 /* ANImageBitmapRep.m */; };
		2E4E02011B2164C30077C970 /* BitmapContextRep.m in Sources */ = {isa = PBXBuildFile; fileRef = 2E4E01E81B2164C30077C970 /* BitmapContextRep.m */; };
		2E4E02021B2164C30077C970 /* NSImage+ANImageBitmapRep.m in Sources */ = {isa = PBXBuildFile; fileRef = 2E4E01EB1B2164C30077C970 /* NSImage+ANImageBitmapRep.m */; };
		2E4E02031B2164C30077C970 /* OSCommonImage.m in Sources */ = {isa = PBXBuildFile; fileRef = 2E4E01ED1B2164C30077C970 /* OSCommonImage.m */; };
		2E4E02041B2164C30077C970 /* UIImage+ANImageBitmapRep.m in Sources */ = {isa = PBXBuildFile; fileRef = 2E4E01EF1B2164C30077C970 /* UIImage+ANImageBitmapRep.m */; };
		2E4E02051B2164C30077C970 /* CGContextCreator.m in Sources */ = {isa = PBXBuildFile; fileRef = 2E4E01F21B2164C30077C970 /* CGContextCreator.m */; };
		2E4E02061B2164C30077C970 /* CGImageContainer.m in Sources */ = {isa = PBXBuildFile; fileRef = 2E4E01F41B2164C30077C970 /* CGImageContainer.m */; };
		2E4E02071B2164C30077C970 /* BitmapContextManipulator.m in Sources */ = {isa = PBXBuildFile; fileRef = 2E4E01F71B2164C30077C970 /* BitmapContextManipulator.m */; };
		2E4E02081B2164C30077C970 /* BitmapCropManipulator.m in Sources */ = {isa = PBXBuildFile; fileRef = 2E4E01F91B2164C30077C970 /* BitmapCropManipulator.m */; };
		2E4E02091B2164C30077C970 /* BitmapDrawManipulator.m in Sources */ = {isa = PBXBuildFile; fileRef = 2E4E01FB1B2164C30077C970 /* BitmapDrawManipulator.m */; };
		2E4E020A1B2164C30077C970 /* BitmapRotationManipulator.m in Sources */ = {isa = PBXBuildFile; fileRef = 2E4E01FD1B2164C30077C970 /* BitmapRotationManipulator.m */; };
		2E4E020B1B2164C30077C970 /* BitmapScaleManipulator.m in Sources */ = {isa = PBXBuildFile; fileRef = 2E4E01FF1B2164C30077C970 /* BitmapScaleManipulator.m */; };
		C2C076E4ACC47B5C3A3BBD64 /* libPods.a in Frameworks */ = {isa = PBXBuildFile; fileRef = 4D7E2521DC314819A0A79ABC /* libPods.a */; };
/* End PBXBuildFile section */

/* Begin PBXContainerItemProxy section */
		2E1C58EB1B0D23D100A42D88 /* PBXContainerItemProxy */ = {
			isa = PBXContainerItemProxy;
			containerPortal = 2E1C58C91B0D23D100A42D88 /* Project object */;
			proxyType = 1;
			remoteGlobalIDString = 2E1C58D01B0D23D100A42D88;
			remoteInfo = momentRooms;
		};
/* End PBXContainerItemProxy section */

/* Begin PBXFileReference section */
		2E1C58D11B0D23D100A42D88 /* momentRooms.app */ = {isa = PBXFileReference; explicitFileType = wrapper.application; includeInIndex = 0; path = momentRooms.app; sourceTree = BUILT_PRODUCTS_DIR; };
		2E1C58D51B0D23D100A42D88 /* Info.plist */ = {isa = PBXFileReference; lastKnownFileType = text.plist.xml; path = Info.plist; sourceTree = "<group>"; };
		2E1C58D61B0D23D100A42D88 /* main.m */ = {isa = PBXFileReference; lastKnownFileType = sourcecode.c.objc; path = main.m; sourceTree = "<group>"; };
		2E1C58D81B0D23D100A42D88 /* AppDelegate.h */ = {isa = PBXFileReference; lastKnownFileType = sourcecode.c.h; path = AppDelegate.h; sourceTree = "<group>"; };
		2E1C58D91B0D23D100A42D88 /* AppDelegate.m */ = {isa = PBXFileReference; lastKnownFileType = sourcecode.c.objc; path = AppDelegate.m; sourceTree = "<group>"; };
		2E1C58DB1B0D23D100A42D88 /* MomentsViewer.h */ = {isa = PBXFileReference; lastKnownFileType = sourcecode.c.h; path = MomentsViewer.h; sourceTree = "<group>"; };
		2E1C58DC1B0D23D100A42D88 /* MomentsViewer.m */ = {isa = PBXFileReference; lastKnownFileType = sourcecode.c.objc; path = MomentsViewer.m; sourceTree = "<group>"; };
		2E1C58E11B0D23D100A42D88 /* Images.xcassets */ = {isa = PBXFileReference; lastKnownFileType = folder.assetcatalog; path = Images.xcassets; sourceTree = "<group>"; };
		2E1C58E41B0D23D100A42D88 /* Base */ = {isa = PBXFileReference; lastKnownFileType = file.xib; name = Base; path = Base.lproj/LaunchScreen.xib; sourceTree = "<group>"; };
		2E1C58EA1B0D23D100A42D88 /* momentRoomsTests.xctest */ = {isa = PBXFileReference; explicitFileType = wrapper.cfbundle; includeInIndex = 0; path = momentRoomsTests.xctest; sourceTree = BUILT_PRODUCTS_DIR; };
		2E1C58EF1B0D23D100A42D88 /* Info.plist */ = {isa = PBXFileReference; lastKnownFileType = text.plist.xml; path = Info.plist; sourceTree = "<group>"; };
		2E1C58F01B0D23D100A42D88 /* momentRoomsTests.m */ = {isa = PBXFileReference; lastKnownFileType = sourcecode.c.objc; path = momentRoomsTests.m; sourceTree = "<group>"; };
		2E1C58FA1B0D293100A42D88 /* Bolts.framework */ = {isa = PBXFileReference; lastKnownFileType = wrapper.framework; path = Bolts.framework; sourceTree = "<group>"; };
		2E1C58FB1B0D293100A42D88 /* Parse.framework */ = {isa = PBXFileReference; lastKnownFileType = wrapper.framework; path = Parse.framework; sourceTree = "<group>"; };
		2E1C58FE1B0D295F00A42D88 /* AudioToolbox.framework */ = {isa = PBXFileReference; lastKnownFileType = wrapper.framework; name = AudioToolbox.framework; path = System/Library/Frameworks/AudioToolbox.framework; sourceTree = SDKROOT; };
		2E1C59001B0D296A00A42D88 /* CFNetwork.framework */ = {isa = PBXFileReference; lastKnownFileType = wrapper.framework; name = CFNetwork.framework; path = System/Library/Frameworks/CFNetwork.framework; sourceTree = SDKROOT; };
		2E1C59021B0D297700A42D88 /* CoreGraphics.framework */ = {isa = PBXFileReference; lastKnownFileType = wrapper.framework; name = CoreGraphics.framework; path = System/Library/Frameworks/CoreGraphics.framework; sourceTree = SDKROOT; };
		2E1C59041B0D298300A42D88 /* CoreLocation.framework */ = {isa = PBXFileReference; lastKnownFileType = wrapper.framework; name = CoreLocation.framework; path = System/Library/Frameworks/CoreLocation.framework; sourceTree = SDKROOT; };
		2E1C59061B0D298D00A42D88 /* MobileCoreServices.framework */ = {isa = PBXFileReference; lastKnownFileType = wrapper.framework; name = MobileCoreServices.framework; path = System/Library/Frameworks/MobileCoreServices.framework; sourceTree = SDKROOT; };
		2E1C59081B0D299600A42D88 /* QuartzCore.framework */ = {isa = PBXFileReference; lastKnownFileType = wrapper.framework; name = QuartzCore.framework; path = System/Library/Frameworks/QuartzCore.framework; sourceTree = SDKROOT; };
		2E1C590A1B0D29A000A42D88 /* Security.framework */ = {isa = PBXFileReference; lastKnownFileType = wrapper.framework; name = Security.framework; path = System/Library/Frameworks/Security.framework; sourceTree = SDKROOT; };
		2E1C590E1B0D29B500A42D88 /* SystemConfiguration.framework */ = {isa = PBXFileReference; lastKnownFileType = wrapper.framework; name = SystemConfiguration.framework; path = System/Library/Frameworks/SystemConfiguration.framework; sourceTree = SDKROOT; };
		2E1C59101B0D29C000A42D88 /* libz.dylib */ = {isa = PBXFileReference; lastKnownFileType = "compiled.mach-o.dylib"; name = libz.dylib; path = usr/lib/libz.dylib; sourceTree = SDKROOT; };
		2E1C59121B0D29CC00A42D88 /* libsqlite3.dylib */ = {isa = PBXFileReference; lastKnownFileType = "compiled.mach-o.dylib"; name = libsqlite3.dylib; path = usr/lib/libsqlite3.dylib; sourceTree = SDKROOT; };
		2E1C591C1B0D2A5500A42D88 /* Accounts.framework */ = {isa = PBXFileReference; lastKnownFileType = wrapper.framework; name = Accounts.framework; path = System/Library/Frameworks/Accounts.framework; sourceTree = SDKROOT; };
		2E1C591E1B0D2A5D00A42D88 /* Social.framework */ = {isa = PBXFileReference; lastKnownFileType = wrapper.framework; name = Social.framework; path = System/Library/Frameworks/Social.framework; sourceTree = SDKROOT; };
		2E1C59201B0D584200A42D88 /* MomentsCloud.h */ = {isa = PBXFileReference; fileEncoding = 4; lastKnownFileType = sourcecode.c.h; name = MomentsCloud.h; path = "Server Communication/MomentsCloud.h"; sourceTree = "<group>"; };
		2E1C59211B0D584200A42D88 /* MomentsCloud.m */ = {isa = PBXFileReference; fileEncoding = 4; lastKnownFileType = sourcecode.c.objc; name = MomentsCloud.m; path = "Server Communication/MomentsCloud.m"; sourceTree = "<group>"; };
		2E1C59291B15062500A42D88 /* PhotoSelectionViewController.h */ = {isa = PBXFileReference; fileEncoding = 4; lastKnownFileType = sourcecode.c.h; path = PhotoSelectionViewController.h; sourceTree = "<group>"; };
		2E1C592A1B15062500A42D88 /* PhotoSelectionViewController.m */ = {isa = PBXFileReference; fileEncoding = 4; lastKnownFileType = sourcecode.c.objc; path = PhotoSelectionViewController.m; sourceTree = "<group>"; };
		2E1C592C1B1507E500A42D88 /* CameraControl.h */ = {isa = PBXFileReference; fileEncoding = 4; lastKnownFileType = sourcecode.c.h; path = CameraControl.h; sourceTree = "<group>"; };
		2E1C592D1B1507E500A42D88 /* CameraControl.m */ = {isa = PBXFileReference; fileEncoding = 4; lastKnownFileType = sourcecode.c.objc; path = CameraControl.m; sourceTree = "<group>"; };
		2E1C59321B165AC100A42D88 /* FilterSelectionViewController.h */ = {isa = PBXFileReference; fileEncoding = 4; lastKnownFileType = sourcecode.c.h; path = FilterSelectionViewController.h; sourceTree = "<group>"; };
		2E1C59331B165AC100A42D88 /* FilterSelectionViewController.m */ = {isa = PBXFileReference; fileEncoding = 4; lastKnownFileType = sourcecode.c.objc; path = FilterSelectionViewController.m; sourceTree = "<group>"; };
		2E1C59361B165E4600A42D88 /* FXPhotoEditGrid.png */ = {isa = PBXFileReference; lastKnownFileType = image.png; path = FXPhotoEditGrid.png; sourceTree = "<group>"; };
		2E1C59371B165E4600A42D88 /* FXPhotoEditGrid@2x.png */ = {isa = PBXFileReference; lastKnownFileType = image.png; path = "FXPhotoEditGrid@2x.png"; sourceTree = "<group>"; };
		2E1C59381B165E4600A42D88 /* FXPhotoEditView.h */ = {isa = PBXFileReference; fileEncoding = 4; lastKnownFileType = sourcecode.c.h; path = FXPhotoEditView.h; sourceTree = "<group>"; };
		2E1C59391B165E4600A42D88 /* FXPhotoEditView.m */ = {isa = PBXFileReference; fileEncoding = 4; lastKnownFileType = sourcecode.c.objc; path = FXPhotoEditView.m; sourceTree = "<group>"; };
		2E4E01B91B1E4AFE0077C970 /* IntroScreenViewController.h */ = {isa = PBXFileReference; fileEncoding = 4; lastKnownFileType = sourcecode.c.h; path = IntroScreenViewController.h; sourceTree = "<group>"; };
		2E4E01BA1B1E4AFE0077C970 /* IntroScreenViewController.m */ = {isa = PBXFileReference; fileEncoding = 4; lastKnownFileType = sourcecode.c.objc; path = IntroScreenViewController.m; sourceTree = "<group>"; };
		2E4E01BC1B1E65C10077C970 /* MomentTableViewCell.h */ = {isa = PBXFileReference; fileEncoding = 4; lastKnownFileType = sourcecode.c.h; path = MomentTableViewCell.h; sourceTree = "<group>"; };
		2E4E01BD1B1E65C10077C970 /* MomentTableViewCell.m */ = {isa = PBXFileReference; fileEncoding = 4; lastKnownFileType = sourcecode.c.objc; path = MomentTableViewCell.m; sourceTree = "<group>"; };
		2E4E01BE1B1E65C10077C970 /* MomentTableViewCell.xib */ = {isa = PBXFileReference; fileEncoding = 4; lastKnownFileType = file.xib; path = MomentTableViewCell.xib; sourceTree = "<group>"; };
		2E4E01C11B1E674C0077C970 /* MomentViewModel.h */ = {isa = PBXFileReference; fileEncoding = 4; lastKnownFileType = sourcecode.c.h; path = MomentViewModel.h; sourceTree = "<group>"; };
		2E4E01C21B1E674C0077C970 /* MomentViewModel.m */ = {isa = PBXFileReference; fileEncoding = 4; lastKnownFileType = sourcecode.c.objc; path = MomentViewModel.m; sourceTree = "<group>"; };
		2E4E01C61B1F6D6C0077C970 /* Fabric.framework */ = {isa = PBXFileReference; lastKnownFileType = wrapper.framework; path = Fabric.framework; sourceTree = "<group>"; };
		2E4E01C71B1F6D6C0077C970 /* Crashlytics.framework */ = {isa = PBXFileReference; lastKnownFileType = wrapper.framework; path = Crashlytics.framework; sourceTree = "<group>"; };
		2E4E01CA1B1F6DD70077C970 /* DigitsKit.framework */ = {isa = PBXFileReference; lastKnownFileType = wrapper.framework; path = DigitsKit.framework; sourceTree = "<group>"; };
		2E4E01CB1B1F6DD70077C970 /* DigitsKitResources.bundle */ = {isa = PBXFileReference; lastKnownFileType = "wrapper.plug-in"; name = DigitsKitResources.bundle; path = DigitsKit.framework/Versions/A/Resources/DigitsKitResources.bundle; sourceTree = "<group>"; };
		2E4E01CC1B1F6DD70077C970 /* TwitterCore.framework */ = {isa = PBXFileReference; lastKnownFileType = wrapper.framework; path = TwitterCore.framework; sourceTree = "<group>"; };
		2E4E01D11B1F7F970077C970 /* LoginViewController.h */ = {isa = PBXFileReference; fileEncoding = 4; lastKnownFileType = sourcecode.c.h; path = LoginViewController.h; sourceTree = "<group>"; };
		2E4E01D21B1F7F970077C970 /* LoginViewController.m */ = {isa = PBXFileReference; fileEncoding = 4; lastKnownFileType = sourcecode.c.objc; path = LoginViewController.m; sourceTree = "<group>"; };
		2E4E01D41B1F80460077C970 /* UIViewController+UIViewController_PushPop.h */ = {isa = PBXFileReference; fileEncoding = 4; lastKnownFileType = sourcecode.c.h; path = "UIViewController+UIViewController_PushPop.h"; sourceTree = "<group>"; };
		2E4E01D51B1F80460077C970 /* UIViewController+UIViewController_PushPop.m */ = {isa = PBXFileReference; fileEncoding = 4; lastKnownFileType = sourcecode.c.objc; path = "UIViewController+UIViewController_PushPop.m"; sourceTree = "<group>"; };
		2E4E01D71B1F94B70077C970 /* PFUser+Digits.h */ = {isa = PBXFileReference; fileEncoding = 4; lastKnownFileType = sourcecode.c.h; name = "PFUser+Digits.h"; path = "FXPhotoEditView/PFUser+Digits.h"; sourceTree = "<group>"; };
		2E4E01D81B1F94B70077C970 /* PFUser+Digits.m */ = {isa = PBXFileReference; fileEncoding = 4; lastKnownFileType = sourcecode.c.objc; name = "PFUser+Digits.m"; path = "FXPhotoEditView/PFUser+Digits.m"; sourceTree = "<group>"; };
		2E4E01DA1B1FE3DD0077C970 /* RoomPlate.h */ = {isa = PBXFileReference; fileEncoding = 4; lastKnownFileType = sourcecode.c.h; path = RoomPlate.h; sourceTree = "<group>"; };
		2E4E01DB1B1FE3DD0077C970 /* RoomPlate.m */ = {isa = PBXFileReference; fileEncoding = 4; lastKnownFileType = sourcecode.c.objc; path = RoomPlate.m; sourceTree = "<group>"; };
		2E4E01DD1B20FFBC0077C970 /* CreateARoomPlate.h */ = {isa = PBXFileReference; fileEncoding = 4; lastKnownFileType = sourcecode.c.h; path = CreateARoomPlate.h; sourceTree = "<group>"; };
		2E4E01DE1B20FFBC0077C970 /* CreateARoomPlate.m */ = {isa = PBXFileReference; fileEncoding = 4; lastKnownFileType = sourcecode.c.objc; path = CreateARoomPlate.m; sourceTree = "<group>"; };
		2E4E01E01B2105580077C970 /* MessageUI.framework */ = {isa = PBXFileReference; lastKnownFileType = wrapper.framework; name = MessageUI.framework; path = System/Library/Frameworks/MessageUI.framework; sourceTree = SDKROOT; };
		2E4E01E21B2161550077C970 /* gradient.png */ = {isa = PBXFileReference; lastKnownFileType = image.png; path = gradient.png; sourceTree = "<group>"; };
		2E4E01E51B2164C30077C970 /* ANImageBitmapRep.h */ = {isa = PBXFileReference; fileEncoding = 4; lastKnownFileType = sourcecode.c.h; path = ANImageBitmapRep.h; sourceTree = "<group>"; };
		2E4E01E61B2164C30077C970 /* ANImageBitmapRep.m */ = {isa = PBXFileReference; fileEncoding = 4; lastKnownFileType = sourcecode.c.objc; path = ANImageBitmapRep.m; sourceTree = "<group>"; };
		2E4E01E71B2164C30077C970 /* BitmapContextRep.h */ = {isa = PBXFileReference; fileEncoding = 4; lastKnownFileType = sourcecode.c.h; path = BitmapContextRep.h; sourceTree = "<group>"; };
		2E4E01E81B2164C30077C970 /* BitmapContextRep.m */ = {isa = PBXFileReference; fileEncoding = 4; lastKnownFileType = sourcecode.c.objc; path = BitmapContextRep.m; sourceTree = "<group>"; };
		2E4E01EA1B2164C30077C970 /* NSImage+ANImageBitmapRep.h */ = {isa = PBXFileReference; fileEncoding = 4; lastKnownFileType = sourcecode.c.h; path = "NSImage+ANImageBitmapRep.h"; sourceTree = "<group>"; };
		2E4E01EB1B2164C30077C970 /* NSImage+ANImageBitmapRep.m */ = {isa = PBXFileReference; fileEncoding = 4; lastKnownFileType = sourcecode.c.objc; path = "NSImage+ANImageBitmapRep.m"; sourceTree = "<group>"; };
		2E4E01EC1B2164C30077C970 /* OSCommonImage.h */ = {isa = PBXFileReference; fileEncoding = 4; lastKnownFileType = sourcecode.c.h; path = OSCommonImage.h; sourceTree = "<group>"; };
		2E4E01ED1B2164C30077C970 /* OSCommonImage.m */ = {isa = PBXFileReference; fileEncoding = 4; lastKnownFileType = sourcecode.c.objc; path = OSCommonImage.m; sourceTree = "<group>"; };
		2E4E01EE1B2164C30077C970 /* UIImage+ANImageBitmapRep.h */ = {isa = PBXFileReference; fileEncoding = 4; lastKnownFileType = sourcecode.c.h; path = "UIImage+ANImageBitmapRep.h"; sourceTree = "<group>"; };
		2E4E01EF1B2164C30077C970 /* UIImage+ANImageBitmapRep.m */ = {isa = PBXFileReference; fileEncoding = 4; lastKnownFileType = sourcecode.c.objc; path = "UIImage+ANImageBitmapRep.m"; sourceTree = "<group>"; };
		2E4E01F11B2164C30077C970 /* CGContextCreator.h */ = {isa = PBXFileReference; fileEncoding = 4; lastKnownFileType = sourcecode.c.h; path = CGContextCreator.h; sourceTree = "<group>"; };
		2E4E01F21B2164C30077C970 /* CGContextCreator.m */ = {isa = PBXFileReference; fileEncoding = 4; lastKnownFileType = sourcecode.c.objc; path = CGContextCreator.m; sourceTree = "<group>"; };
		2E4E01F31B2164C30077C970 /* CGImageContainer.h */ = {isa = PBXFileReference; fileEncoding = 4; lastKnownFileType = sourcecode.c.h; path = CGImageContainer.h; sourceTree = "<group>"; };
		2E4E01F41B2164C30077C970 /* CGImageContainer.m */ = {isa = PBXFileReference; fileEncoding = 4; lastKnownFileType = sourcecode.c.objc; path = CGImageContainer.m; sourceTree = "<group>"; };
		2E4E01F61B2164C30077C970 /* BitmapContextManipulator.h */ = {isa = PBXFileReference; fileEncoding = 4; lastKnownFileType = sourcecode.c.h; path = BitmapContextManipulator.h; sourceTree = "<group>"; };
		2E4E01F71B2164C30077C970 /* BitmapContextManipulator.m */ = {isa = PBXFileReference; fileEncoding = 4; lastKnownFileType = sourcecode.c.objc; path = BitmapContextManipulator.m; sourceTree = "<group>"; };
		2E4E01F81B2164C30077C970 /* BitmapCropManipulator.h */ = {isa = PBXFileReference; fileEncoding = 4; lastKnownFileType = sourcecode.c.h; path = BitmapCropManipulator.h; sourceTree = "<group>"; };
		2E4E01F91B2164C30077C970 /* BitmapCropManipulator.m */ = {isa = PBXFileReference; fileEncoding = 4; lastKnownFileType = sourcecode.c.objc; path = BitmapCropManipulator.m; sourceTree = "<group>"; };
		2E4E01FA1B2164C30077C970 /* BitmapDrawManipulator.h */ = {isa = PBXFileReference; fileEncoding = 4; lastKnownFileType = sourcecode.c.h; path = BitmapDrawManipulator.h; sourceTree = "<group>"; };
		2E4E01FB1B2164C30077C970 /* BitmapDrawManipulator.m */ = {isa = PBXFileReference; fileEncoding = 4; lastKnownFileType = sourcecode.c.objc; path = BitmapDrawManipulator.m; sourceTree = "<group>"; };
		2E4E01FC1B2164C30077C970 /* BitmapRotationManipulator.h */ = {isa = PBXFileReference; fileEncoding = 4; lastKnownFileType = sourcecode.c.h; path = BitmapRotationManipulator.h; sourceTree = "<group>"; };
		2E4E01FD1B2164C30077C970 /* BitmapRotationManipulator.m */ = {isa = PBXFileReference; fileEncoding = 4; lastKnownFileType = sourcecode.c.objc; path = BitmapRotationManipulator.m; sourceTree = "<group>"; };
		2E4E01FE1B2164C30077C970 /* BitmapScaleManipulator.h */ = {isa = PBXFileReference; fileEncoding = 4; lastKnownFileType = sourcecode.c.h; path = BitmapScaleManipulator.h; sourceTree = "<group>"; };
		2E4E01FF1B2164C30077C970 /* BitmapScaleManipulator.m */ = {isa = PBXFileReference; fileEncoding = 4; lastKnownFileType = sourcecode.c.objc; path = BitmapScaleManipulator.m; sourceTree = "<group>"; };
		4D7E2521DC314819A0A79ABC /* libPods.a */ = {isa = PBXFileReference; explicitFileType = archive.ar; includeInIndex = 0; path = libPods.a; sourceTree = BUILT_PRODUCTS_DIR; };
		683B31765AC65F512FD42DB1 /* Pods.debug.xcconfig */ = {isa = PBXFileReference; includeInIndex = 1; lastKnownFileType = text.xcconfig; name = Pods.debug.xcconfig; path = "Pods/Target Support Files/Pods/Pods.debug.xcconfig"; sourceTree = "<group>"; };
		C350757DE1E5832DF845A447 /* Pods.release.xcconfig */ = {isa = PBXFileReference; includeInIndex = 1; lastKnownFileType = text.xcconfig; name = Pods.release.xcconfig; path = "Pods/Target Support Files/Pods/Pods.release.xcconfig"; sourceTree = "<group>"; };
/* End PBXFileReference section */

/* Begin PBXFrameworksBuildPhase section */
		2E1C58CE1B0D23D100A42D88 /* Frameworks */ = {
			isa = PBXFrameworksBuildPhase;
			buildActionMask = 2147483647;
			files = (
				2E4E01E11B2105580077C970 /* MessageUI.framework in Frameworks */,
				2E1C591F1B0D2A5D00A42D88 /* Social.framework in Frameworks */,
				2E1C591D1B0D2A5500A42D88 /* Accounts.framework in Frameworks */,
				2E1C59131B0D29CC00A42D88 /* libsqlite3.dylib in Frameworks */,
				2E4E01C81B1F6D6C0077C970 /* Fabric.framework in Frameworks */,
				2E1C59111B0D29C000A42D88 /* libz.dylib in Frameworks */,
				2E1C590F1B0D29B600A42D88 /* SystemConfiguration.framework in Frameworks */,
				2E1C590B1B0D29A000A42D88 /* Security.framework in Frameworks */,
				2E1C59091B0D299600A42D88 /* QuartzCore.framework in Frameworks */,
				2E4E01C91B1F6D6C0077C970 /* Crashlytics.framework in Frameworks */,
				2E4E01CD1B1F6DD70077C970 /* DigitsKit.framework in Frameworks */,
				2E4E01CF1B1F6DD70077C970 /* TwitterCore.framework in Frameworks */,
				2E1C59071B0D298D00A42D88 /* MobileCoreServices.framework in Frameworks */,
				2E1C59051B0D298300A42D88 /* CoreLocation.framework in Frameworks */,
				2E1C59031B0D297700A42D88 /* CoreGraphics.framework in Frameworks */,
				2E1C59011B0D296A00A42D88 /* CFNetwork.framework in Frameworks */,
				2E1C58FF1B0D295F00A42D88 /* AudioToolbox.framework in Frameworks */,
				C2C076E4ACC47B5C3A3BBD64 /* libPods.a in Frameworks */,
				2E1C58FD1B0D293100A42D88 /* Parse.framework in Frameworks */,
				2E1C58FC1B0D293100A42D88 /* Bolts.framework in Frameworks */,
			);
			runOnlyForDeploymentPostprocessing = 0;
		};
		2E1C58E71B0D23D100A42D88 /* Frameworks */ = {
			isa = PBXFrameworksBuildPhase;
			buildActionMask = 2147483647;
			files = (
			);
			runOnlyForDeploymentPostprocessing = 0;
		};
/* End PBXFrameworksBuildPhase section */

/* Begin PBXGroup section */
		2E1C58C81B0D23D100A42D88 = {
			isa = PBXGroup;
			children = (
				2E1C58D31B0D23D100A42D88 /* momentRooms */,
				2E1C58ED1B0D23D100A42D88 /* momentRoomsTests */,
				2E1C58D21B0D23D100A42D88 /* Products */,
				47017D91ED98FF295A34CDAF /* Pods */,
				3CD44DBC08854FEBE320B9F3 /* Frameworks */,
			);
			sourceTree = "<group>";
		};
		2E1C58D21B0D23D100A42D88 /* Products */ = {
			isa = PBXGroup;
			children = (
				2E1C58D11B0D23D100A42D88 /* momentRooms.app */,
				2E1C58EA1B0D23D100A42D88 /* momentRoomsTests.xctest */,
			);
			name = Products;
			sourceTree = "<group>";
		};
		2E1C58D31B0D23D100A42D88 /* momentRooms */ = {
			isa = PBXGroup;
			children = (
				2E4E01E41B2164C30077C970 /* ANImageBitmapRep */,
				2E4E01E21B2161550077C970 /* gradient.png */,
				2E1C59351B165E4600A42D88 /* FXPhotoEditView */,
				2E4E01D71B1F94B70077C970 /* PFUser+Digits.h */,
				2E4E01D81B1F94B70077C970 /* PFUser+Digits.m */,
				2E1C58D81B0D23D100A42D88 /* AppDelegate.h */,
				2E1C58D91B0D23D100A42D88 /* AppDelegate.m */,
				2E4E01D11B1F7F970077C970 /* LoginViewController.h */,
				2E4E01D21B1F7F970077C970 /* LoginViewController.m */,
				2E4E01D41B1F80460077C970 /* UIViewController+UIViewController_PushPop.h */,
				2E4E01D51B1F80460077C970 /* UIViewController+UIViewController_PushPop.m */,
				2E4E01B91B1E4AFE0077C970 /* IntroScreenViewController.h */,
				2E4E01BA1B1E4AFE0077C970 /* IntroScreenViewController.m */,
				2E4E01DA1B1FE3DD0077C970 /* RoomPlate.h */,
				2E4E01DB1B1FE3DD0077C970 /* RoomPlate.m */,
				2E4E01DD1B20FFBC0077C970 /* CreateARoomPlate.h */,
				2E4E01DE1B20FFBC0077C970 /* CreateARoomPlate.m */,
				2E4E01C41B1E7EEF0077C970 /* Moment Collectio */,
				2E1C59201B0D584200A42D88 /* MomentsCloud.h */,
				2E1C59211B0D584200A42D88 /* MomentsCloud.m */,
				2E1C59321B165AC100A42D88 /* FilterSelectionViewController.h */,
				2E1C59331B165AC100A42D88 /* FilterSelectionViewController.m */,
				2E4E01D01B1F7F650077C970 /* Photo Selector */,
				2E1C58E11B0D23D100A42D88 /* Images.xcassets */,
				2E1C58E31B0D23D100A42D88 /* LaunchScreen.xib */,
				2E1C58D41B0D23D100A42D88 /* Supporting Files */,
			);
			path = momentRooms;
			sourceTree = "<group>";
		};
		2E1C58D41B0D23D100A42D88 /* Supporting Files */ = {
			isa = PBXGroup;
			children = (
				2E1C58D51B0D23D100A42D88 /* Info.plist */,
				2E1C58D61B0D23D100A42D88 /* main.m */,
			);
			name = "Supporting Files";
			sourceTree = "<group>";
		};
		2E1C58ED1B0D23D100A42D88 /* momentRoomsTests */ = {
			isa = PBXGroup;
			children = (
				2E1C58F01B0D23D100A42D88 /* momentRoomsTests.m */,
				2E1C58EE1B0D23D100A42D88 /* Supporting Files */,
			);
			path = momentRoomsTests;
			sourceTree = "<group>";
		};
		2E1C58EE1B0D23D100A42D88 /* Supporting Files */ = {
			isa = PBXGroup;
			children = (
				2E1C58EF1B0D23D100A42D88 /* Info.plist */,
			);
			name = "Supporting Files";
			sourceTree = "<group>";
		};
		2E1C59351B165E4600A42D88 /* FXPhotoEditView */ = {
			isa = PBXGroup;
			children = (
				2E1C59361B165E4600A42D88 /* FXPhotoEditGrid.png */,
				2E1C59371B165E4600A42D88 /* FXPhotoEditGrid@2x.png */,
				2E1C59381B165E4600A42D88 /* FXPhotoEditView.h */,
				2E1C59391B165E4600A42D88 /* FXPhotoEditView.m */,
			);
			path = FXPhotoEditView;
			sourceTree = "<group>";
		};
		2E4E01C41B1E7EEF0077C970 /* Moment Collectio */ = {
			isa = PBXGroup;
			children = (
				2E1C58DB1B0D23D100A42D88 /* MomentsViewer.h */,
				2E1C58DC1B0D23D100A42D88 /* MomentsViewer.m */,
				2E4E01BC1B1E65C10077C970 /* MomentTableViewCell.h */,
				2E4E01BD1B1E65C10077C970 /* MomentTableViewCell.m */,
				2E4E01C11B1E674C0077C970 /* MomentViewModel.h */,
				2E4E01C21B1E674C0077C970 /* MomentViewModel.m */,
				2E4E01BE1B1E65C10077C970 /* MomentTableViewCell.xib */,
			);
			name = "Moment Collectio";
			sourceTree = "<group>";
		};
		2E4E01D01B1F7F650077C970 /* Photo Selector */ = {
			isa = PBXGroup;
			children = (
				2E1C59291B15062500A42D88 /* PhotoSelectionViewController.h */,
				2E1C592A1B15062500A42D88 /* PhotoSelectionViewController.m */,
				2E1C592C1B1507E500A42D88 /* CameraControl.h */,
				2E1C592D1B1507E500A42D88 /* CameraControl.m */,
			);
			name = "Photo Selector";
			sourceTree = "<group>";
		};
		2E4E01E41B2164C30077C970 /* ANImageBitmapRep */ = {
			isa = PBXGroup;
			children = (
				2E4E01E51B2164C30077C970 /* ANImageBitmapRep.h */,
				2E4E01E61B2164C30077C970 /* ANImageBitmapRep.m */,
				2E4E01E71B2164C30077C970 /* BitmapContextRep.h */,
				2E4E01E81B2164C30077C970 /* BitmapContextRep.m */,
				2E4E01E91B2164C30077C970 /* Compatibility */,
				2E4E01F01B2164C30077C970 /* CoreGraphics */,
				2E4E01F51B2164C30077C970 /* Manipulators */,
			);
			path = ANImageBitmapRep;
			sourceTree = "<group>";
		};
		2E4E01E91B2164C30077C970 /* Compatibility */ = {
			isa = PBXGroup;
			children = (
				2E4E01EA1B2164C30077C970 /* NSImage+ANImageBitmapRep.h */,
				2E4E01EB1B2164C30077C970 /* NSImage+ANImageBitmapRep.m */,
				2E4E01EC1B2164C30077C970 /* OSCommonImage.h */,
				2E4E01ED1B2164C30077C970 /* OSCommonImage.m */,
				2E4E01EE1B2164C30077C970 /* UIImage+ANImageBitmapRep.h */,
				2E4E01EF1B2164C30077C970 /* UIImage+ANImageBitmapRep.m */,
			);
			path = Compatibility;
			sourceTree = "<group>";
		};
		2E4E01F01B2164C30077C970 /* CoreGraphics */ = {
			isa = PBXGroup;
			children = (
				2E4E01F11B2164C30077C970 /* CGContextCreator.h */,
				2E4E01F21B2164C30077C970 /* CGContextCreator.m */,
				2E4E01F31B2164C30077C970 /* CGImageContainer.h */,
				2E4E01F41B2164C30077C970 /* CGImageContainer.m */,
			);
			path = CoreGraphics;
			sourceTree = "<group>";
		};
		2E4E01F51B2164C30077C970 /* Manipulators */ = {
			isa = PBXGroup;
			children = (
				2E4E01F61B2164C30077C970 /* BitmapContextManipulator.h */,
				2E4E01F71B2164C30077C970 /* BitmapContextManipulator.m */,
				2E4E01F81B2164C30077C970 /* BitmapCropManipulator.h */,
				2E4E01F91B2164C30077C970 /* BitmapCropManipulator.m */,
				2E4E01FA1B2164C30077C970 /* BitmapDrawManipulator.h */,
				2E4E01FB1B2164C30077C970 /* BitmapDrawManipulator.m */,
				2E4E01FC1B2164C30077C970 /* BitmapRotationManipulator.h */,
				2E4E01FD1B2164C30077C970 /* BitmapRotationManipulator.m */,
				2E4E01FE1B2164C30077C970 /* BitmapScaleManipulator.h */,
				2E4E01FF1B2164C30077C970 /* BitmapScaleManipulator.m */,
			);
			path = Manipulators;
			sourceTree = "<group>";
		};
		3CD44DBC08854FEBE320B9F3 /* Frameworks */ = {
			isa = PBXGroup;
			children = (
				2E4E01E01B2105580077C970 /* MessageUI.framework */,
				2E4E01CA1B1F6DD70077C970 /* DigitsKit.framework */,
				2E4E01CB1B1F6DD70077C970 /* DigitsKitResources.bundle */,
				2E4E01CC1B1F6DD70077C970 /* TwitterCore.framework */,
				2E4E01C61B1F6D6C0077C970 /* Fabric.framework */,
				2E4E01C71B1F6D6C0077C970 /* Crashlytics.framework */,
				2E1C591E1B0D2A5D00A42D88 /* Social.framework */,
				2E1C591C1B0D2A5500A42D88 /* Accounts.framework */,
				2E1C59121B0D29CC00A42D88 /* libsqlite3.dylib */,
				2E1C59101B0D29C000A42D88 /* libz.dylib */,
				2E1C590E1B0D29B500A42D88 /* SystemConfiguration.framework */,
				2E1C590A1B0D29A000A42D88 /* Security.framework */,
				2E1C59081B0D299600A42D88 /* QuartzCore.framework */,
				2E1C59061B0D298D00A42D88 /* MobileCoreServices.framework */,
				2E1C59041B0D298300A42D88 /* CoreLocation.framework */,
				2E1C59021B0D297700A42D88 /* CoreGraphics.framework */,
				2E1C59001B0D296A00A42D88 /* CFNetwork.framework */,
				2E1C58FE1B0D295F00A42D88 /* AudioToolbox.framework */,
				2E1C58FA1B0D293100A42D88 /* Bolts.framework */,
				2E1C58FB1B0D293100A42D88 /* Parse.framework */,
				4D7E2521DC314819A0A79ABC /* libPods.a */,
			);
			name = Frameworks;
			sourceTree = "<group>";
		};
		47017D91ED98FF295A34CDAF /* Pods */ = {
			isa = PBXGroup;
			children = (
				683B31765AC65F512FD42DB1 /* Pods.debug.xcconfig */,
				C350757DE1E5832DF845A447 /* Pods.release.xcconfig */,
			);
			name = Pods;
			sourceTree = "<group>";
		};
/* End PBXGroup section */

/* Begin PBXNativeTarget section */
		2E1C58D01B0D23D100A42D88 /* momentRooms */ = {
			isa = PBXNativeTarget;
			buildConfigurationList = 2E1C58F41B0D23D100A42D88 /* Build configuration list for PBXNativeTarget "momentRooms" */;
			buildPhases = (
				45AE96D1E624368FE06B10A3 /* Check Pods Manifest.lock */,
				2E1C58CD1B0D23D100A42D88 /* Sources */,
				2E1C58CE1B0D23D100A42D88 /* Frameworks */,
				2E1C58CF1B0D23D100A42D88 /* Resources */,
				FE490D50D82636153165A41E /* Copy Pods Resources */,
				2E4E01C51B1F6D450077C970 /* ShellScript */,
			);
			buildRules = (
			);
			dependencies = (
			);
			name = momentRooms;
			productName = momentRooms;
			productReference = 2E1C58D11B0D23D100A42D88 /* momentRooms.app */;
			productType = "com.apple.product-type.application";
		};
		2E1C58E91B0D23D100A42D88 /* momentRoomsTests */ = {
			isa = PBXNativeTarget;
			buildConfigurationList = 2E1C58F71B0D23D100A42D88 /* Build configuration list for PBXNativeTarget "momentRoomsTests" */;
			buildPhases = (
				2E1C58E61B0D23D100A42D88 /* Sources */,
				2E1C58E71B0D23D100A42D88 /* Frameworks */,
				2E1C58E81B0D23D100A42D88 /* Resources */,
			);
			buildRules = (
			);
			dependencies = (
				2E1C58EC1B0D23D100A42D88 /* PBXTargetDependency */,
			);
			name = momentRoomsTests;
			productName = momentRoomsTests;
			productReference = 2E1C58EA1B0D23D100A42D88 /* momentRoomsTests.xctest */;
			productType = "com.apple.product-type.bundle.unit-test";
		};
/* End PBXNativeTarget section */

/* Begin PBXProject section */
		2E1C58C91B0D23D100A42D88 /* Project object */ = {
			isa = PBXProject;
			attributes = {
				LastUpgradeCheck = 0630;
				ORGANIZATIONNAME = "Adam Juhasz";
				TargetAttributes = {
					2E1C58D01B0D23D100A42D88 = {
						CreatedOnToolsVersion = 6.3.1;
						DevelopmentTeam = 2ZG8V3KUG2;
						SystemCapabilities = {
							com.apple.InAppPurchase = {
								enabled = 0;
							};
						};
					};
					2E1C58E91B0D23D100A42D88 = {
						CreatedOnToolsVersion = 6.3.1;
						TestTargetID = 2E1C58D01B0D23D100A42D88;
					};
				};
			};
			buildConfigurationList = 2E1C58CC1B0D23D100A42D88 /* Build configuration list for PBXProject "momentRooms" */;
			compatibilityVersion = "Xcode 3.2";
			developmentRegion = English;
			hasScannedForEncodings = 0;
			knownRegions = (
				en,
				Base,
			);
			mainGroup = 2E1C58C81B0D23D100A42D88;
			productRefGroup = 2E1C58D21B0D23D100A42D88 /* Products */;
			projectDirPath = "";
			projectRoot = "";
			targets = (
				2E1C58D01B0D23D100A42D88 /* momentRooms */,
				2E1C58E91B0D23D100A42D88 /* momentRoomsTests */,
			);
		};
/* End PBXProject section */

/* Begin PBXResourcesBuildPhase section */
		2E1C58CF1B0D23D100A42D88 /* Resources */ = {
			isa = PBXResourcesBuildPhase;
			buildActionMask = 2147483647;
			files = (
				2E4E01C01B1E65C10077C970 /* MomentTableViewCell.xib in Resources */,
				2E1C58E51B0D23D100A42D88 /* LaunchScreen.xib in Resources */,
				2E4E01CE1B1F6DD70077C970 /* DigitsKitResources.bundle in Resources */,
				2E4E01E31B2161550077C970 /* gradient.png in Resources */,
				2E1C593A1B165E4600A42D88 /* FXPhotoEditGrid.png in Resources */,
				2E1C58E21B0D23D100A42D88 /* Images.xcassets in Resources */,
				2E1C593B1B165E4600A42D88 /* FXPhotoEditGrid@2x.png in Resources */,
			);
			runOnlyForDeploymentPostprocessing = 0;
		};
		2E1C58E81B0D23D100A42D88 /* Resources */ = {
			isa = PBXResourcesBuildPhase;
			buildActionMask = 2147483647;
			files = (
			);
			runOnlyForDeploymentPostprocessing = 0;
		};
/* End PBXResourcesBuildPhase section */

/* Begin PBXShellScriptBuildPhase section */
		2E4E01C51B1F6D450077C970 /* ShellScript */ = {
			isa = PBXShellScriptBuildPhase;
			buildActionMask = 2147483647;
			files = (
			);
			inputPaths = (
			);
			outputPaths = (
			);
			runOnlyForDeploymentPostprocessing = 0;
			shellPath = /bin/sh;
			shellScript = "./Fabric.framework/run 2231fe0b1e370f1d9ffb9b97b35a1cb4d24359fc cddd15fd7561247dd9c391ce2666fad7b05aa70c42d938765933616888fc1cdb";
		};
		45AE96D1E624368FE06B10A3 /* Check Pods Manifest.lock */ = {
			isa = PBXShellScriptBuildPhase;
			buildActionMask = 2147483647;
			files = (
			);
			inputPaths = (
			);
			name = "Check Pods Manifest.lock";
			outputPaths = (
			);
			runOnlyForDeploymentPostprocessing = 0;
			shellPath = /bin/sh;
			shellScript = "diff \"${PODS_ROOT}/../Podfile.lock\" \"${PODS_ROOT}/Manifest.lock\" > /dev/null\nif [[ $? != 0 ]] ; then\n    cat << EOM\nerror: The sandbox is not in sync with the Podfile.lock. Run 'pod install' or update your CocoaPods installation.\nEOM\n    exit 1\nfi\n";
			showEnvVarsInLog = 0;
		};
		FE490D50D82636153165A41E /* Copy Pods Resources */ = {
			isa = PBXShellScriptBuildPhase;
			buildActionMask = 2147483647;
			files = (
			);
			inputPaths = (
			);
			name = "Copy Pods Resources";
			outputPaths = (
			);
			runOnlyForDeploymentPostprocessing = 0;
			shellPath = /bin/sh;
			shellScript = "\"${SRCROOT}/Pods/Target Support Files/Pods/Pods-resources.sh\"\n";
			showEnvVarsInLog = 0;
		};
/* End PBXShellScriptBuildPhase section */

/* Begin PBXSourcesBuildPhase section */
		2E1C58CD1B0D23D100A42D88 /* Sources */ = {
			isa = PBXSourcesBuildPhase;
			buildActionMask = 2147483647;
			files = (
				2E4E02061B2164C30077C970 /* CGImageContainer.m in Sources */,
				2E1C59341B165AC100A42D88 /* FilterSelectionViewController.m in Sources */,
				2E4E01C31B1E674C0077C970 /* MomentViewModel.m in Sources */,
				2E4E02071B2164C30077C970 /* BitmapContextManipulator.m in Sources */,
				2E4E02041B2164C30077C970 /* UIImage+ANImageBitmapRep.m in Sources */,
				2E1C58DD1B0D23D100A42D88 /* MomentsViewer.m in Sources */,
				2E4E02051B2164C30077C970 /* CGContextCreator.m in Sources */,
				2E4E01DC1B1FE3DD0077C970 /* RoomPlate.m in Sources */,
				2E4E020B1B2164C30077C970 /* BitmapScaleManipulator.m in Sources */,
				2E1C58DA1B0D23D100A42D88 /* AppDelegate.m in Sources */,
				2E4E020A1B2164C30077C970 /* BitmapRotationManipulator.m in Sources */,
				2E4E01DF1B20FFBC0077C970 /* CreateARoomPlate.m in Sources */,
				2E4E01D91B1F94B70077C970 /* PFUser+Digits.m in Sources */,
				2E1C592E1B1507E500A42D88 /* CameraControl.m in Sources */,
				2E4E01BB1B1E4AFE0077C970 /* IntroScreenViewController.m in Sources */,
				2E1C58D71B0D23D100A42D88 /* main.m in Sources */,
				2E4E02081B2164C30077C970 /* BitmapCropManipulator.m in Sources */,
				2E4E01D61B1F80460077C970 /* UIViewController+UIViewController_PushPop.m in Sources */,
				2E1C593C1B165E4600A42D88 /* FXPhotoEditView.m in Sources */,
				2E4E02031B2164C30077C970 /* OSCommonImage.m in Sources */,
				2E4E02011B2164C30077C970 /* BitmapContextRep.m in Sources */,
				2E4E01D31B1F7F970077C970 /* LoginViewController.m in Sources */,
				2E4E02001B2164C30077C970 /* ANImageBitmapRep.m in Sources */,
				2E4E02091B2164C30077C970 /* BitmapDrawManipulator.m in Sources */,
				2E4E01BF1B1E65C10077C970 /* MomentTableViewCell.m in Sources */,
				2E1C592B1B15062500A42D88 /* PhotoSelectionViewController.m in Sources */,
				2E4E02021B2164C30077C970 /* NSImage+ANImageBitmapRep.m in Sources */,
				2E1C59221B0D584200A42D88 /* MomentsCloud.m in Sources */,
			);
			runOnlyForDeploymentPostprocessing = 0;
		};
		2E1C58E61B0D23D100A42D88 /* Sources */ = {
			isa = PBXSourcesBuildPhase;
			buildActionMask = 2147483647;
			files = (
				2E1C58F11B0D23D100A42D88 /* momentRoomsTests.m in Sources */,
			);
			runOnlyForDeploymentPostprocessing = 0;
		};
/* End PBXSourcesBuildPhase section */

/* Begin PBXTargetDependency section */
		2E1C58EC1B0D23D100A42D88 /* PBXTargetDependency */ = {
			isa = PBXTargetDependency;
			target = 2E1C58D01B0D23D100A42D88 /* momentRooms */;
			targetProxy = 2E1C58EB1B0D23D100A42D88 /* PBXContainerItemProxy */;
		};
/* End PBXTargetDependency section */

/* Begin PBXVariantGroup section */
		2E1C58E31B0D23D100A42D88 /* LaunchScreen.xib */ = {
			isa = PBXVariantGroup;
			children = (
				2E1C58E41B0D23D100A42D88 /* Base */,
			);
			name = LaunchScreen.xib;
			sourceTree = "<group>";
		};
/* End PBXVariantGroup section */

/* Begin XCBuildConfiguration section */
		2E1C58F21B0D23D100A42D88 /* Debug */ = {
			isa = XCBuildConfiguration;
			buildSettings = {
				ALWAYS_SEARCH_USER_PATHS = NO;
				CLANG_CXX_LANGUAGE_STANDARD = "gnu++0x";
				CLANG_CXX_LIBRARY = "libc++";
				CLANG_ENABLE_MODULES = YES;
				CLANG_ENABLE_OBJC_ARC = YES;
				CLANG_WARN_BOOL_CONVERSION = YES;
				CLANG_WARN_CONSTANT_CONVERSION = YES;
				CLANG_WARN_DIRECT_OBJC_ISA_USAGE = YES_ERROR;
				CLANG_WARN_EMPTY_BODY = YES;
				CLANG_WARN_ENUM_CONVERSION = YES;
				CLANG_WARN_INT_CONVERSION = YES;
				CLANG_WARN_OBJC_ROOT_CLASS = YES_ERROR;
				CLANG_WARN_UNREACHABLE_CODE = YES;
				CLANG_WARN__DUPLICATE_METHOD_MATCH = YES;
				"CODE_SIGN_IDENTITY[sdk=iphoneos*]" = "iPhone Developer";
				COPY_PHASE_STRIP = NO;
				DEBUG_INFORMATION_FORMAT = "dwarf-with-dsym";
				ENABLE_STRICT_OBJC_MSGSEND = YES;
				GCC_C_LANGUAGE_STANDARD = gnu99;
				GCC_DYNAMIC_NO_PIC = NO;
				GCC_NO_COMMON_BLOCKS = YES;
				GCC_OPTIMIZATION_LEVEL = 0;
				GCC_PREPROCESSOR_DEFINITIONS = (
					"DEBUG=1",
					"$(inherited)",
				);
				GCC_SYMBOLS_PRIVATE_EXTERN = NO;
				GCC_WARN_64_TO_32_BIT_CONVERSION = YES;
				GCC_WARN_ABOUT_RETURN_TYPE = YES_ERROR;
				GCC_WARN_UNDECLARED_SELECTOR = YES;
				GCC_WARN_UNINITIALIZED_AUTOS = YES_AGGRESSIVE;
				GCC_WARN_UNUSED_FUNCTION = YES;
				GCC_WARN_UNUSED_VARIABLE = YES;
				IPHONEOS_DEPLOYMENT_TARGET = 8.3;
				MTL_ENABLE_DEBUG_INFO = YES;
				ONLY_ACTIVE_ARCH = YES;
				SDKROOT = iphoneos;
			};
			name = Debug;
		};
		2E1C58F31B0D23D100A42D88 /* Release */ = {
			isa = XCBuildConfiguration;
			buildSettings = {
				ALWAYS_SEARCH_USER_PATHS = NO;
				CLANG_CXX_LANGUAGE_STANDARD = "gnu++0x";
				CLANG_CXX_LIBRARY = "libc++";
				CLANG_ENABLE_MODULES = YES;
				CLANG_ENABLE_OBJC_ARC = YES;
				CLANG_WARN_BOOL_CONVERSION = YES;
				CLANG_WARN_CONSTANT_CONVERSION = YES;
				CLANG_WARN_DIRECT_OBJC_ISA_USAGE = YES_ERROR;
				CLANG_WARN_EMPTY_BODY = YES;
				CLANG_WARN_ENUM_CONVERSION = YES;
				CLANG_WARN_INT_CONVERSION = YES;
				CLANG_WARN_OBJC_ROOT_CLASS = YES_ERROR;
				CLANG_WARN_UNREACHABLE_CODE = YES;
				CLANG_WARN__DUPLICATE_METHOD_MATCH = YES;
				"CODE_SIGN_IDENTITY[sdk=iphoneos*]" = "iPhone Developer";
				COPY_PHASE_STRIP = NO;
				DEBUG_INFORMATION_FORMAT = "dwarf-with-dsym";
				ENABLE_NS_ASSERTIONS = NO;
				ENABLE_STRICT_OBJC_MSGSEND = YES;
				GCC_C_LANGUAGE_STANDARD = gnu99;
				GCC_NO_COMMON_BLOCKS = YES;
				GCC_WARN_64_TO_32_BIT_CONVERSION = YES;
				GCC_WARN_ABOUT_RETURN_TYPE = YES_ERROR;
				GCC_WARN_UNDECLARED_SELECTOR = YES;
				GCC_WARN_UNINITIALIZED_AUTOS = YES_AGGRESSIVE;
				GCC_WARN_UNUSED_FUNCTION = YES;
				GCC_WARN_UNUSED_VARIABLE = YES;
				IPHONEOS_DEPLOYMENT_TARGET = 8.3;
				MTL_ENABLE_DEBUG_INFO = NO;
				SDKROOT = iphoneos;
				VALIDATE_PRODUCT = YES;
			};
			name = Release;
		};
		2E1C58F51B0D23D100A42D88 /* Debug */ = {
			isa = XCBuildConfiguration;
			baseConfigurationReference = 683B31765AC65F512FD42DB1 /* Pods.debug.xcconfig */;
			buildSettings = {
				ASSETCATALOG_COMPILER_APPICON_NAME = AppIcon;
				CODE_SIGN_IDENTITY = "iPhone Developer";
				FRAMEWORK_SEARCH_PATHS = (
					"$(inherited)",
					"$(PROJECT_DIR)",
				);
				INFOPLIST_FILE = momentRooms/Info.plist;
				IPHONEOS_DEPLOYMENT_TARGET = 8.0;
				LD_RUNPATH_SEARCH_PATHS = "$(inherited) @executable_path/Frameworks";
				PRODUCT_NAME = "$(TARGET_NAME)";
				PROVISIONING_PROFILE = "";
			};
			name = Debug;
		};
		2E1C58F61B0D23D100A42D88 /* Release */ = {
			isa = XCBuildConfiguration;
			baseConfigurationReference = C350757DE1E5832DF845A447 /* Pods.release.xcconfig */;
			buildSettings = {
				ASSETCATALOG_COMPILER_APPICON_NAME = AppIcon;
				CODE_SIGN_IDENTITY = "iPhone Developer";
				FRAMEWORK_SEARCH_PATHS = (
					"$(inherited)",
					"$(PROJECT_DIR)",
				);
				INFOPLIST_FILE = momentRooms/Info.plist;
				IPHONEOS_DEPLOYMENT_TARGET = 8.0;
				LD_RUNPATH_SEARCH_PATHS = "$(inherited) @executable_path/Frameworks";
				PRODUCT_NAME = "$(TARGET_NAME)";
				PROVISIONING_PROFILE = "";
			};
			name = Release;
		};
		2E1C58F81B0D23D100A42D88 /* Debug */ = {
			isa = XCBuildConfiguration;
			buildSettings = {
				BUNDLE_LOADER = "$(TEST_HOST)";
				FRAMEWORK_SEARCH_PATHS = (
					"$(SDKROOT)/Developer/Library/Frameworks",
					"$(inherited)",
				);
				GCC_PREPROCESSOR_DEFINITIONS = (
					"DEBUG=1",
					"$(inherited)",
				);
				INFOPLIST_FILE = momentRoomsTests/Info.plist;
				LD_RUNPATH_SEARCH_PATHS = "$(inherited) @executable_path/Frameworks @loader_path/Frameworks";
				PRODUCT_NAME = "$(TARGET_NAME)";
				TEST_HOST = "$(BUILT_PRODUCTS_DIR)/momentRooms.app/momentRooms";
			};
			name = Debug;
		};
		2E1C58F91B0D23D100A42D88 /* Release */ = {
			isa = XCBuildConfiguration;
			buildSettings = {
				BUNDLE_LOADER = "$(TEST_HOST)";
				FRAMEWORK_SEARCH_PATHS = (
					"$(SDKROOT)/Developer/Library/Frameworks",
					"$(inherited)",
				);
				INFOPLIST_FILE = momentRoomsTests/Info.plist;
				LD_RUNPATH_SEARCH_PATHS = "$(inherited) @executable_path/Frameworks @loader_path/Frameworks";
				PRODUCT_NAME = "$(TARGET_NAME)";
				TEST_HOST = "$(BUILT_PRODUCTS_DIR)/momentRooms.app/momentRooms";
			};
			name = Release;
		};
/* End XCBuildConfiguration section */

/* Begin XCConfigurationList section */
		2E1C58CC1B0D23D100A42D88 /* Build configuration list for PBXProject "momentRooms" */ = {
			isa = XCConfigurationList;
			buildConfigurations = (
				2E1C58F21B0D23D100A42D88 /* Debug */,
				2E1C58F31B0D23D100A42D88 /* Release */,
			);
			defaultConfigurationIsVisible = 0;
			defaultConfigurationName = Release;
		};
		2E1C58F41B0D23D100A42D88 /* Build configuration list for PBXNativeTarget "momentRooms" */ = {
			isa = XCConfigurationList;
			buildConfigurations = (
				2E1C58F51B0D23D100A42D88 /* Debug */,
				2E1C58F61B0D23D100A42D88 /* Release */,
			);
			defaultConfigurationIsVisible = 0;
			defaultConfigurationName = Release;
		};
		2E1C58F71B0D23D100A42D88 /* Build configuration list for PBXNativeTarget "momentRoomsTests" */ = {
			isa = XCConfigurationList;
			buildConfigurations = (
				2E1C58F81B0D23D100A42D88 /* Debug */,
				2E1C58F91B0D23D100A42D88 /* Release */,
			);
			defaultConfigurationIsVisible = 0;
			defaultConfigurationName = Release;
		};
/* End XCConfigurationList section */
	};
	rootObject = 2E1C58C91B0D23D100A42D88 /* Project object */;
}
